
Microsoft Visual Studio Solution File, Format Version 12.00
# Visual Studio 2012
Project("{FAE04EC0-301F-11D3-BF4B-00C04F79EFBC}") = "RecEpee", "RecEpee\RecEpee.csproj", "{59AB818C-B589-4ADA-A008-5764C036E786}"
EndProject
Project("{FAE04EC0-301F-11D3-BF4B-00C04F79EFBC}") = "RecEpeeTest", "RecEpeeTest\RecEpeeTest.csproj", "{DDEAA44D-BC95-4B78-BA2A-A1FEBE37DC2A}"
EndProject
Global
	GlobalSection(SolutionConfigurationPlatforms) = preSolution
		Debug|Any CPU = Debug|Any CPU
		Release|Any CPU = Release|Any CPU
	EndGlobalSection
	GlobalSection(ProjectConfigurationPlatforms) = postSolution
		{59AB818C-B589-4ADA-A008-5764C036E786}.Debug|Any CPU.ActiveCfg = Debug|Any CPU
		{59AB818C-B589-4ADA-A008-5764C036E786}.Debug|Any CPU.Build.0 = Debug|Any CPU
		{59AB818C-B589-4ADA-A008-5764C036E786}.Release|Any CPU.ActiveCfg = Release|Any CPU
		{59AB818C-B589-4ADA-A008-5764C036E786}.Release|Any CPU.Build.0 = Release|Any CPU
		{DDEAA44D-BC95-4B78-BA2A-A1FEBE37DC2A}.Debug|Any CPU.ActiveCfg = Debug|Any CPU
		{DDEAA44D-BC95-4B78-BA2A-A1FEBE37DC2A}.Debug|Any CPU.Build.0 = Debug|Any CPU
		{DDEAA44D-BC95-4B78-BA2A-A1FEBE37DC2A}.Release|Any CPU.ActiveCfg = Release|Any CPU
		{DDEAA44D-BC95-4B78-BA2A-A1FEBE37DC2A}.Release|Any CPU.Build.0 = Release|Any CPU
	EndGlobalSection
	GlobalSection(SolutionProperties) = preSolution
		HideSolutionNode = FALSE
	EndGlobalSection
EndGlobal
